FORGE
  remote: https://forgeapi.puppetlabs.com
  specs:
    b4ldr-logrotate (1.1.3)
    ceritsc-yum (0.9.6)
      puppetlabs-stdlib (>= 4.0.0)
    fsalum-puppetmaster (0.0.4)
      puppetlabs-inifile (>= 1.0.0)
    hunner-hiera (1.2.0)
    puppetlabs-apt (2.2.2)
      puppetlabs-stdlib (< 5.0.0, >= 4.5.0)
    puppetlabs-concat (2.2.0)
      puppetlabs-stdlib (< 5.0.0, >= 4.2.0)
    puppetlabs-inifile (1.5.0)
    puppetlabs-java (1.3.0)
      puppetlabs-stdlib (>= 2.4.0)
    puppetlabs-ntp (4.0.0)
      puppetlabs-stdlib (< 5.0.0, >= 4.6.0)
    puppetlabs-postgresql (4.7.1)
      puppetlabs-apt (< 3.0.0, >= 1.8.0)
      puppetlabs-concat (< 3.0.0, >= 1.1.0)
      puppetlabs-stdlib (~> 4.0)
    puppetlabs-puppetdb (5.1.2)
      puppetlabs-firewall (< 2.0.0, >= 1.1.3)
      puppetlabs-inifile (< 2.0.0, >= 1.1.3)
      puppetlabs-postgresql (< 5.0.0, >= 4.0.0)
      puppetlabs-stdlib (< 5.0.0, >= 4.2.2)
    richardc-datacat (0.6.2)
    treydock-gpg_key (0.0.3)

GIT
  remote: git://github.com/jarib/puppet-hipchat
  ref: status-config
  sha: d9f68ef542497ed5baee446ce920deada5af13ac
  specs:
    jarib-hipchat (0.0.2)

GIT
  remote: git://github.com/puppetlabs/puppetlabs-apache.git
  ref: 0.6.0
  sha: b18fad908fe7cb8fbc6604fde1962c85540095f4
  specs:
    puppetlabs-apache (0.6.0)
      puppetlabs-firewall (>= 0.0.4)
      puppetlabs-stdlib (>= 2.2.1)

GIT
  remote: git://github.com/puppetlabs/puppetlabs-firewall.git
  ref: 1.6.0
  sha: 2fd4e702706b820b1d7208e2f88ba8a8a0321701
  specs:
    puppetlabs-firewall (1.6.0)

GIT
  remote: git://github.com/puppetlabs/puppetlabs-nodejs
  ref: v2.0.1
  sha: 6374b4113891246bb1cd61a0503c42694b7c28d7
  specs:
    puppetlabs-nodejs (2.0.1)
      puppetlabs-stdlib (< 5.0.0, >= 4.1.0)
      treydock-gpg_key (< 1.0.0, >= 0.0.3)

GIT
  remote: git://github.com/puppetlabs/puppetlabs-stdlib.git
  ref: 4.6.0
  sha: 73474b00b5ae3cbccec6cd0711311d6450139e51
  specs:
    puppetlabs-stdlib (4.6.0)

GIT
  remote: https://github.com/elasticsearch/puppet-elasticsearch
  ref: 0.10.3
  sha: 36409eae08800fb2107d9ea4fef031f5348cb1ca
  specs:
    elasticsearch-elasticsearch (0.10.3)
      ceritsc-yum (< 1.0.0, >= 0.9.6)
      puppetlabs-apt (< 3.0.0, >= 1.4.0)
      puppetlabs-stdlib (< 5.0.0, >= 3.2.0)
      richardc-datacat (< 1.0.0, >= 0.6.2)

GIT
  remote: https://github.com/pdxcat/puppet-module-collectd.git
  ref: 6bb76aa27c8ae7bf7669921498d2b8aaf692df59
  sha: 6bb76aa27c8ae7bf7669921498d2b8aaf692df59
  specs:
    pdxcat-collectd (1.1.0)
      puppetlabs-stdlib (>= 3.0.0)

DEPENDENCIES
  b4ldr-logrotate (>= 0)
  elasticsearch-elasticsearch (>= 0)
  fsalum-puppetmaster (= 0.0.4)
  hunner-hiera (= 1.2.0)
  jarib-hipchat (>= 0)
  pdxcat-collectd (>= 0)
  puppetlabs-apache (>= 0)
  puppetlabs-firewall (>= 0)
  puppetlabs-java (= 1.3.0)
  puppetlabs-nodejs (>= 0)
  puppetlabs-ntp (= 4.0.0)
  puppetlabs-postgresql (= 4.7.1)
  puppetlabs-puppetdb (= 5.1.2)
  puppetlabs-stdlib (>= 0)

